
Microsoft Visual Studio Solution File, Format Version 10.00
# Visual Studio 2008
Project("{8BC9CEB8-8B4A-11D0-8D11-00A0C91BC942}") = "mysqlpp", "mysqlpp.vcproj", "{E8DF60B8-1F5D-4E90-AB72-99FCE468DDBA}"
EndProject
Global
	GlobalSection(SolutionConfigurationPlatforms) = preSolution
		Debug|Win32 = Debug|Win32
		Release|Win32 = Release|Win32
	EndGlobalSection
	GlobalSection(ProjectConfigurationPlatforms) = postSolution
		{E8DF60B8-1F5D-4E90-AB72-99FCE468DDBA}.Debug|Win32.ActiveCfg = Debug|Win32
		{E8DF60B8-1F5D-4E90-AB72-99FCE468DDBA}.Debug|Win32.Build.0 = Debug|Win32
		{E8DF60B8-1F5D-4E90-AB72-99FCE468DDBA}.Release|Win32.ActiveCfg = Release|Win32
		{E8DF60B8-1F5D-4E90-AB72-99FCE468DDBA}.Release|Win32.Build.0 = Release|Win32
	EndGlobalSection
	GlobalSection(SolutionProperties) = preSolution
		HideSolutionNode = FALSE
	EndGlobalSection
EndGlobal
