Microsoft Visual Studio Solution File, Format Version 10.00
# Visual Studio 2008
Project("{8BC9CEB8-8B4A-11D0-8D11-00A0C91BC942}") = "ClientApp", "GameClient\ClientApp\ClientApp.vcproj", "{FDDAF1B5-6EBD-49B4-9ECF-4FCDFB8AF326}"
	ProjectSection(ProjectDependencies) = postProject
		{80515284-513C-4A0F-B488-1BC6F844FEA9} = {80515284-513C-4A0F-B488-1BC6F844FEA9}
		{80908C0B-7A6D-4CB9-BEAB-FDBA4E6108AA} = {80908C0B-7A6D-4CB9-BEAB-FDBA4E6108AA}
		{76DAD8A8-A27D-4EE0-8439-2388D5B24AA5} = {76DAD8A8-A27D-4EE0-8439-2388D5B24AA5}
		{DB5B7ED8-12AE-43CA-88EC-4710287C7ADD} = {DB5B7ED8-12AE-43CA-88EC-4710287C7ADD}
	EndProjectSection
EndProject
Project("{8BC9CEB8-8B4A-11D0-8D11-00A0C91BC942}") = "Net", "Net\Net.vcproj", "{5509391E-19EF-4631-A413-713D18C480EA}"
	ProjectSection(ProjectDependencies) = postProject
		{DB5B7ED8-12AE-43CA-88EC-4710287C7ADD} = {DB5B7ED8-12AE-43CA-88EC-4710287C7ADD}
	EndProjectSection
EndProject
Project("{8BC9CEB8-8B4A-11D0-8D11-00A0C91BC942}") = "Engine", "Engine\Engine.vcproj", "{95B0C2E0-78BB-4FDA-AE08-D6EA8E2CD4CC}"
	ProjectSection(ProjectDependencies) = postProject
		{76DAD8A8-A27D-4EE0-8439-2388D5B24AA5} = {76DAD8A8-A27D-4EE0-8439-2388D5B24AA5}
	EndProjectSection
EndProject
Project("{8BC9CEB8-8B4A-11D0-8D11-00A0C91BC942}") = "EngineExtend", "EngineExtend\EngineExtend.vcproj", "{0C9836FC-5818-43C8-AB4B-CCEE73DC8521}"
	ProjectSection(ProjectDependencies) = postProject
		{76DAD8A8-A27D-4EE0-8439-2388D5B24AA5} = {76DAD8A8-A27D-4EE0-8439-2388D5B24AA5}
		{DB5B7ED8-12AE-43CA-88EC-4710287C7ADD} = {DB5B7ED8-12AE-43CA-88EC-4710287C7ADD}
		{95B0C2E0-78BB-4FDA-AE08-D6EA8E2CD4CC} = {95B0C2E0-78BB-4FDA-AE08-D6EA8E2CD4CC}
	EndProjectSection
EndProject
Project("{8BC9CEB8-8B4A-11D0-8D11-00A0C91BC942}") = "Audio", "Audio\Audio.vcproj", "{80908C0B-7A6D-4CB9-BEAB-FDBA4E6108AA}"
	ProjectSection(ProjectDependencies) = postProject
		{76DAD8A8-A27D-4EE0-8439-2388D5B24AA5} = {76DAD8A8-A27D-4EE0-8439-2388D5B24AA5}
		{95B0C2E0-78BB-4FDA-AE08-D6EA8E2CD4CC} = {95B0C2E0-78BB-4FDA-AE08-D6EA8E2CD4CC}
		{DB5B7ED8-12AE-43CA-88EC-4710287C7ADD} = {DB5B7ED8-12AE-43CA-88EC-4710287C7ADD}
	EndProjectSection
EndProject
Project("{8BC9CEB8-8B4A-11D0-8D11-00A0C91BC942}") = "Input", "Input\Input.vcproj", "{80515284-513C-4A0F-B488-1BC6F844FEA9}"
	ProjectSection(ProjectDependencies) = postProject
		{DB5B7ED8-12AE-43CA-88EC-4710287C7ADD} = {DB5B7ED8-12AE-43CA-88EC-4710287C7ADD}
		{95B0C2E0-78BB-4FDA-AE08-D6EA8E2CD4CC} = {95B0C2E0-78BB-4FDA-AE08-D6EA8E2CD4CC}
		{76DAD8A8-A27D-4EE0-8439-2388D5B24AA5} = {76DAD8A8-A27D-4EE0-8439-2388D5B24AA5}
	EndProjectSection
EndProject
Project("{8BC9CEB8-8B4A-11D0-8D11-00A0C91BC942}") = "UI", "UI\UI.vcproj", "{CBA8A109-E802-451B-B97B-80E4015CA6E2}"
EndProject
Project("{8BC9CEB8-8B4A-11D0-8D11-00A0C91BC942}") = "GameClient", "GameClient\GameClient.vcproj", "{E97D1298-5AE0-473C-A6A6-4AA498A15C76}"
	ProjectSection(ProjectDependencies) = postProject
		{CBA8A109-E802-451B-B97B-80E4015CA6E2} = {CBA8A109-E802-451B-B97B-80E4015CA6E2}
		{80908C0B-7A6D-4CB9-BEAB-FDBA4E6108AA} = {80908C0B-7A6D-4CB9-BEAB-FDBA4E6108AA}
		{76DAD8A8-A27D-4EE0-8439-2388D5B24AA5} = {76DAD8A8-A27D-4EE0-8439-2388D5B24AA5}
		{5509391E-19EF-4631-A413-713D18C480EA} = {5509391E-19EF-4631-A413-713D18C480EA}
		{80515284-513C-4A0F-B488-1BC6F844FEA9} = {80515284-513C-4A0F-B488-1BC6F844FEA9}
		{FDDAF1B5-6EBD-49B4-9ECF-4FCDFB8AF326} = {FDDAF1B5-6EBD-49B4-9ECF-4FCDFB8AF326}
		{DB5B7ED8-12AE-43CA-88EC-4710287C7ADD} = {DB5B7ED8-12AE-43CA-88EC-4710287C7ADD}
		{95B0C2E0-78BB-4FDA-AE08-D6EA8E2CD4CC} = {95B0C2E0-78BB-4FDA-AE08-D6EA8E2CD4CC}
		{0C9836FC-5818-43C8-AB4B-CCEE73DC8521} = {0C9836FC-5818-43C8-AB4B-CCEE73DC8521}
	EndProjectSection
EndProject
Project("{8BC9CEB8-8B4A-11D0-8D11-00A0C91BC942}") = "ClientPublic", "..\Public\ClientPublic\ClientPublic.vcproj", "{76DAD8A8-A27D-4EE0-8439-2388D5B24AA5}"
	ProjectSection(ProjectDependencies) = postProject
		{DB5B7ED8-12AE-43CA-88EC-4710287C7ADD} = {DB5B7ED8-12AE-43CA-88EC-4710287C7ADD}
	EndProjectSection
EndProject
Project("{8BC9CEB8-8B4A-11D0-8D11-00A0C91BC942}") = "Public", "..\Public\Public.vcproj", "{DB5B7ED8-12AE-43CA-88EC-4710287C7ADD}"
EndProject
Global
	GlobalSection(SolutionConfigurationPlatforms) = preSolution
		Debug|Win32 = Debug|Win32
		Release|Win32 = Release|Win32
	EndGlobalSection
	GlobalSection(ProjectConfigurationPlatforms) = postSolution
		{FDDAF1B5-6EBD-49B4-9ECF-4FCDFB8AF326}.Debug|Win32.ActiveCfg = Debug|Win32
		{FDDAF1B5-6EBD-49B4-9ECF-4FCDFB8AF326}.Debug|Win32.Build.0 = Debug|Win32
		{FDDAF1B5-6EBD-49B4-9ECF-4FCDFB8AF326}.Release|Win32.ActiveCfg = Release|Win32
		{FDDAF1B5-6EBD-49B4-9ECF-4FCDFB8AF326}.Release|Win32.Build.0 = Release|Win32
		{5509391E-19EF-4631-A413-713D18C480EA}.Debug|Win32.ActiveCfg = Debug|Win32
		{5509391E-19EF-4631-A413-713D18C480EA}.Debug|Win32.Build.0 = Debug|Win32
		{5509391E-19EF-4631-A413-713D18C480EA}.Release|Win32.ActiveCfg = Release|Win32
		{5509391E-19EF-4631-A413-713D18C480EA}.Release|Win32.Build.0 = Release|Win32
		{95B0C2E0-78BB-4FDA-AE08-D6EA8E2CD4CC}.Debug|Win32.ActiveCfg = Debug|Win32
		{95B0C2E0-78BB-4FDA-AE08-D6EA8E2CD4CC}.Debug|Win32.Build.0 = Debug|Win32
		{95B0C2E0-78BB-4FDA-AE08-D6EA8E2CD4CC}.Release|Win32.ActiveCfg = Release|Win32
		{95B0C2E0-78BB-4FDA-AE08-D6EA8E2CD4CC}.Release|Win32.Build.0 = Release|Win32
		{0C9836FC-5818-43C8-AB4B-CCEE73DC8521}.Debug|Win32.ActiveCfg = Debug|Win32
		{0C9836FC-5818-43C8-AB4B-CCEE73DC8521}.Debug|Win32.Build.0 = Debug|Win32
		{0C9836FC-5818-43C8-AB4B-CCEE73DC8521}.Release|Win32.ActiveCfg = Release|Win32
		{0C9836FC-5818-43C8-AB4B-CCEE73DC8521}.Release|Win32.Build.0 = Release|Win32
		{80908C0B-7A6D-4CB9-BEAB-FDBA4E6108AA}.Debug|Win32.ActiveCfg = Debug|Win32
		{80908C0B-7A6D-4CB9-BEAB-FDBA4E6108AA}.Debug|Win32.Build.0 = Debug|Win32
		{80908C0B-7A6D-4CB9-BEAB-FDBA4E6108AA}.Release|Win32.ActiveCfg = Release|Win32
		{80908C0B-7A6D-4CB9-BEAB-FDBA4E6108AA}.Release|Win32.Build.0 = Release|Win32
		{80515284-513C-4A0F-B488-1BC6F844FEA9}.Debug|Win32.ActiveCfg = Debug|Win32
		{80515284-513C-4A0F-B488-1BC6F844FEA9}.Debug|Win32.Build.0 = Debug|Win32
		{80515284-513C-4A0F-B488-1BC6F844FEA9}.Release|Win32.ActiveCfg = Release|Win32
		{80515284-513C-4A0F-B488-1BC6F844FEA9}.Release|Win32.Build.0 = Release|Win32
		{CBA8A109-E802-451B-B97B-80E4015CA6E2}.Debug|Win32.ActiveCfg = Debug|Win32
		{CBA8A109-E802-451B-B97B-80E4015CA6E2}.Debug|Win32.Build.0 = Debug|Win32
		{CBA8A109-E802-451B-B97B-80E4015CA6E2}.Release|Win32.ActiveCfg = Release|Win32
		{CBA8A109-E802-451B-B97B-80E4015CA6E2}.Release|Win32.Build.0 = Release|Win32
		{E97D1298-5AE0-473C-A6A6-4AA498A15C76}.Debug|Win32.ActiveCfg = Debug|Win32
		{E97D1298-5AE0-473C-A6A6-4AA498A15C76}.Debug|Win32.Build.0 = Debug|Win32
		{E97D1298-5AE0-473C-A6A6-4AA498A15C76}.Release|Win32.ActiveCfg = Release|Win32
		{E97D1298-5AE0-473C-A6A6-4AA498A15C76}.Release|Win32.Build.0 = Release|Win32
		{76DAD8A8-A27D-4EE0-8439-2388D5B24AA5}.Debug|Win32.ActiveCfg = Debug|Win32
		{76DAD8A8-A27D-4EE0-8439-2388D5B24AA5}.Debug|Win32.Build.0 = Debug|Win32
		{76DAD8A8-A27D-4EE0-8439-2388D5B24AA5}.Release|Win32.ActiveCfg = Release|Win32
		{76DAD8A8-A27D-4EE0-8439-2388D5B24AA5}.Release|Win32.Build.0 = Release|Win32
		{DB5B7ED8-12AE-43CA-88EC-4710287C7ADD}.Debug|Win32.ActiveCfg = Debug|Win32
		{DB5B7ED8-12AE-43CA-88EC-4710287C7ADD}.Debug|Win32.Build.0 = Debug|Win32
		{DB5B7ED8-12AE-43CA-88EC-4710287C7ADD}.Release|Win32.ActiveCfg = Release|Win32
		{DB5B7ED8-12AE-43CA-88EC-4710287C7ADD}.Release|Win32.Build.0 = Release|Win32
	EndGlobalSection
	GlobalSection(SolutionProperties) = preSolution
		HideSolutionNode = FALSE
	EndGlobalSection
	GlobalSection(SubversionScc) = preSolution
		Svn-Managed = True
		Manager = AnkhSVN - Subversion Support for Visual Studio
	EndGlobalSection
EndGlobal
