
Microsoft Visual Studio Solution File, Format Version 10.00
# Visual Studio 2008
Project("{8BC9CEB8-8B4A-11D0-8D11-00A0C91BC942}") = "Server", "Server\Server.vcproj", "{29276DE1-E8AC-4C4E-8F4F-0CCF8333AB48}"
	ProjectSection(ProjectDependencies) = postProject
		{317975A1-B228-4A4C-A33A-F5E8B65B1C19} = {317975A1-B228-4A4C-A33A-F5E8B65B1C19}
		{56EF82B9-C9EA-444E-8974-F97C810EDB07} = {56EF82B9-C9EA-444E-8974-F97C810EDB07}
		{229DEFE1-D136-453B-8496-4F835B40166E} = {229DEFE1-D136-453B-8496-4F835B40166E}
		{DB5B7ED8-12AE-43CA-88EC-4710287C7ADD} = {DB5B7ED8-12AE-43CA-88EC-4710287C7ADD}
		{DC1B4E6D-206F-46C9-82DB-5A2351986AE7} = {DC1B4E6D-206F-46C9-82DB-5A2351986AE7}
	EndProjectSection
EndProject
Project("{8BC9CEB8-8B4A-11D0-8D11-00A0C91BC942}") = "App", "App\App.vcproj", "{56EF82B9-C9EA-444E-8974-F97C810EDB07}"
EndProject
Project("{8BC9CEB8-8B4A-11D0-8D11-00A0C91BC942}") = "DB", "DB\DB.vcproj", "{317975A1-B228-4A4C-A33A-F5E8B65B1C19}"
EndProject
Project("{8BC9CEB8-8B4A-11D0-8D11-00A0C91BC942}") = "Net", "Net\Net.vcproj", "{DC1B4E6D-206F-46C9-82DB-5A2351986AE7}"
EndProject
Project("{8BC9CEB8-8B4A-11D0-8D11-00A0C91BC942}") = "Public", "..\..\Public\Public.vcproj", "{DB5B7ED8-12AE-43CA-88EC-4710287C7ADD}"
EndProject
Project("{8BC9CEB8-8B4A-11D0-8D11-00A0C91BC942}") = "ServerPublic", "..\..\Public\ServerPublic\ServerPublic.vcproj", "{229DEFE1-D136-453B-8496-4F835B40166E}"
EndProject
Global
	GlobalSection(SolutionConfigurationPlatforms) = preSolution
		Debug|Win32 = Debug|Win32
		Release|Win32 = Release|Win32
	EndGlobalSection
	GlobalSection(ProjectConfigurationPlatforms) = postSolution
		{29276DE1-E8AC-4C4E-8F4F-0CCF8333AB48}.Debug|Win32.ActiveCfg = Debug|Win32
		{29276DE1-E8AC-4C4E-8F4F-0CCF8333AB48}.Debug|Win32.Build.0 = Debug|Win32
		{29276DE1-E8AC-4C4E-8F4F-0CCF8333AB48}.Release|Win32.ActiveCfg = Release|Win32
		{29276DE1-E8AC-4C4E-8F4F-0CCF8333AB48}.Release|Win32.Build.0 = Release|Win32
		{56EF82B9-C9EA-444E-8974-F97C810EDB07}.Debug|Win32.ActiveCfg = Debug|Win32
		{56EF82B9-C9EA-444E-8974-F97C810EDB07}.Debug|Win32.Build.0 = Debug|Win32
		{56EF82B9-C9EA-444E-8974-F97C810EDB07}.Release|Win32.ActiveCfg = Release|Win32
		{56EF82B9-C9EA-444E-8974-F97C810EDB07}.Release|Win32.Build.0 = Release|Win32
		{317975A1-B228-4A4C-A33A-F5E8B65B1C19}.Debug|Win32.ActiveCfg = Debug|Win32
		{317975A1-B228-4A4C-A33A-F5E8B65B1C19}.Debug|Win32.Build.0 = Debug|Win32
		{317975A1-B228-4A4C-A33A-F5E8B65B1C19}.Release|Win32.ActiveCfg = Release|Win32
		{317975A1-B228-4A4C-A33A-F5E8B65B1C19}.Release|Win32.Build.0 = Release|Win32
		{DC1B4E6D-206F-46C9-82DB-5A2351986AE7}.Debug|Win32.ActiveCfg = Debug|Win32
		{DC1B4E6D-206F-46C9-82DB-5A2351986AE7}.Debug|Win32.Build.0 = Debug|Win32
		{DC1B4E6D-206F-46C9-82DB-5A2351986AE7}.Release|Win32.ActiveCfg = Release|Win32
		{DC1B4E6D-206F-46C9-82DB-5A2351986AE7}.Release|Win32.Build.0 = Release|Win32
		{DB5B7ED8-12AE-43CA-88EC-4710287C7ADD}.Debug|Win32.ActiveCfg = Debug|Win32
		{DB5B7ED8-12AE-43CA-88EC-4710287C7ADD}.Debug|Win32.Build.0 = Debug|Win32
		{DB5B7ED8-12AE-43CA-88EC-4710287C7ADD}.Release|Win32.ActiveCfg = Release|Win32
		{DB5B7ED8-12AE-43CA-88EC-4710287C7ADD}.Release|Win32.Build.0 = Release|Win32
		{229DEFE1-D136-453B-8496-4F835B40166E}.Debug|Win32.ActiveCfg = Debug|Win32
		{229DEFE1-D136-453B-8496-4F835B40166E}.Debug|Win32.Build.0 = Debug|Win32
		{229DEFE1-D136-453B-8496-4F835B40166E}.Release|Win32.ActiveCfg = Release|Win32
		{229DEFE1-D136-453B-8496-4F835B40166E}.Release|Win32.Build.0 = Release|Win32
	EndGlobalSection
	GlobalSection(SolutionProperties) = preSolution
		HideSolutionNode = FALSE
	EndGlobalSection
EndGlobal
