
Microsoft Visual Studio Solution File, Format Version 10.00
# Visual Studio 2008
Project("{8BC9CEB8-8B4A-11D0-8D11-00A0C91BC942}") = "Lib_MsCode", "..\MsCode\Lib_MsCode.vcproj", "{51B69EB0-EC30-4CCA-96EA-1211EF6493C0}"
EndProject
Project("{2150E333-8FDC-42A3-9474-1A3956D46DE8}") = "Server", "Server", "{744C11ED-0A7F-431B-B134-D3745B5AFB0C}"
EndProject
Project("{2150E333-8FDC-42A3-9474-1A3956D46DE8}") = "Client", "Client", "{6172CE58-5713-4ABA-9455-DA4CC07B2C73}"
EndProject
Project("{2150E333-8FDC-42A3-9474-1A3956D46DE8}") = "_Lib", "_Lib", "{0DC75D32-7F5D-4D94-8653-AF2029DC147C}"
EndProject
Project("{2150E333-8FDC-42A3-9474-1A3956D46DE8}") = "_NoCompiler", "_NoCompiler", "{954549A7-D794-48C3-957F-FE8EA5CE402B}"
	ProjectSection(SolutionItems) = preProject
		..\MsProject\MMORPG\冗睿大型多人在线角色扮演类.ad = ..\MsProject\MMORPG\冗睿大型多人在线角色扮演类.ad
		..\MsProject\MMORPG\冗睿大型多人在线角色扮演类.sd = ..\MsProject\MMORPG\冗睿大型多人在线角色扮演类.sd
	EndProjectSection
EndProject
Project("{8BC9CEB8-8B4A-11D0-8D11-00A0C91BC942}") = "No_RrGameCommon", "..\MsProject\MMORPG\Common\No_RrMMOCommon.vcproj", "{CF7B4591-C11A-4816-B3FE-D7E9EC99E31F}"
EndProject
Project("{8BC9CEB8-8B4A-11D0-8D11-00A0C91BC942}") = "Exe_Client", "..\MsProject\MMORPG\Client\Exe_RrMMOClient.vcproj", "{382FBEED-8F8D-4D73-BB30-9BB374430DFF}"
	ProjectSection(ProjectDependencies) = postProject
		{51B69EB0-EC30-4CCA-96EA-1211EF6493C0} = {51B69EB0-EC30-4CCA-96EA-1211EF6493C0}
		{205052E7-9E24-49B2-94AB-A5E20A17A124} = {205052E7-9E24-49B2-94AB-A5E20A17A124}
	EndProjectSection
EndProject
Project("{2150E333-8FDC-42A3-9474-1A3956D46DE8}") = "Tools", "Tools", "{4A62BA40-0A62-4DCC-8A45-4967340377B3}"
EndProject
Project("{8BC9CEB8-8B4A-11D0-8D11-00A0C91BC942}") = "Exe_CacheServer", "..\MsProject\MMORPG\Server\Exe_RrMMOCacheServer.vcproj", "{A5AA2994-DC86-4636-B5DF-8E81A0213936}"
	ProjectSection(ProjectDependencies) = postProject
		{51B69EB0-EC30-4CCA-96EA-1211EF6493C0} = {51B69EB0-EC30-4CCA-96EA-1211EF6493C0}
		{205052E7-9E24-49B2-94AB-A5E20A17A124} = {205052E7-9E24-49B2-94AB-A5E20A17A124}
	EndProjectSection
EndProject
Project("{8BC9CEB8-8B4A-11D0-8D11-00A0C91BC942}") = "Exe_ChatServer", "..\MsProject\MMORPG\Server\Exe_RrMMOChatServer.vcproj", "{A0B195E3-5D71-4D5E-8C9F-F18C0FC8A569}"
	ProjectSection(ProjectDependencies) = postProject
		{51B69EB0-EC30-4CCA-96EA-1211EF6493C0} = {51B69EB0-EC30-4CCA-96EA-1211EF6493C0}
		{205052E7-9E24-49B2-94AB-A5E20A17A124} = {205052E7-9E24-49B2-94AB-A5E20A17A124}
	EndProjectSection
EndProject
Project("{8BC9CEB8-8B4A-11D0-8D11-00A0C91BC942}") = "Exe_DatabaseServer", "..\MsProject\MMORPG\Server\Exe_RrMMODatabaseServer.vcproj", "{905A2A6F-7324-4400-B46C-86005DC7A429}"
	ProjectSection(ProjectDependencies) = postProject
		{51B69EB0-EC30-4CCA-96EA-1211EF6493C0} = {51B69EB0-EC30-4CCA-96EA-1211EF6493C0}
		{205052E7-9E24-49B2-94AB-A5E20A17A124} = {205052E7-9E24-49B2-94AB-A5E20A17A124}
	EndProjectSection
EndProject
Project("{8BC9CEB8-8B4A-11D0-8D11-00A0C91BC942}") = "Exe_GameServer", "..\MsProject\MMORPG\Server\Exe_RrMMOGameServer.vcproj", "{D30530F1-21AB-492E-BC05-2BF681765B38}"
	ProjectSection(ProjectDependencies) = postProject
		{51B69EB0-EC30-4CCA-96EA-1211EF6493C0} = {51B69EB0-EC30-4CCA-96EA-1211EF6493C0}
		{205052E7-9E24-49B2-94AB-A5E20A17A124} = {205052E7-9E24-49B2-94AB-A5E20A17A124}
	EndProjectSection
EndProject
Project("{8BC9CEB8-8B4A-11D0-8D11-00A0C91BC942}") = "Exe_GateServer", "..\MsProject\MMORPG\Server\Exe_RrMMOGateServer.vcproj", "{93AB7F74-699B-4187-8B5F-29A8B9B1E1C5}"
	ProjectSection(ProjectDependencies) = postProject
		{51B69EB0-EC30-4CCA-96EA-1211EF6493C0} = {51B69EB0-EC30-4CCA-96EA-1211EF6493C0}
		{205052E7-9E24-49B2-94AB-A5E20A17A124} = {205052E7-9E24-49B2-94AB-A5E20A17A124}
	EndProjectSection
EndProject
Project("{8BC9CEB8-8B4A-11D0-8D11-00A0C91BC942}") = "Exe_LoginServer", "..\MsProject\MMORPG\Server\Exe_RrMMOLoginServer.vcproj", "{AB5C47DC-E8C9-4E88-B176-FABB1320A3B9}"
	ProjectSection(ProjectDependencies) = postProject
		{51B69EB0-EC30-4CCA-96EA-1211EF6493C0} = {51B69EB0-EC30-4CCA-96EA-1211EF6493C0}
		{205052E7-9E24-49B2-94AB-A5E20A17A124} = {205052E7-9E24-49B2-94AB-A5E20A17A124}
	EndProjectSection
EndProject
Project("{8BC9CEB8-8B4A-11D0-8D11-00A0C91BC942}") = "Exe_LogServer", "..\MsProject\MMORPG\Server\Exe_RrMMOLogServer.vcproj", "{CE632B22-5594-427F-95D8-D73E8ECB2AED}"
	ProjectSection(ProjectDependencies) = postProject
		{51B69EB0-EC30-4CCA-96EA-1211EF6493C0} = {51B69EB0-EC30-4CCA-96EA-1211EF6493C0}
		{205052E7-9E24-49B2-94AB-A5E20A17A124} = {205052E7-9E24-49B2-94AB-A5E20A17A124}
	EndProjectSection
EndProject
Project("{8BC9CEB8-8B4A-11D0-8D11-00A0C91BC942}") = "Exe_Dump", "..\MsProject\MMORPG\Client\Exe_RrMMODump.vcproj", "{9FFC0BB2-D3B2-43FD-8AB8-271FC1BF13C8}"
	ProjectSection(ProjectDependencies) = postProject
		{51B69EB0-EC30-4CCA-96EA-1211EF6493C0} = {51B69EB0-EC30-4CCA-96EA-1211EF6493C0}
		{205052E7-9E24-49B2-94AB-A5E20A17A124} = {205052E7-9E24-49B2-94AB-A5E20A17A124}
	EndProjectSection
EndProject
Project("{8BC9CEB8-8B4A-11D0-8D11-00A0C91BC942}") = "Exe_Editor", "..\MsProject\MMORPG\Client\Exe_RrMMOEditor.vcproj", "{C2A66515-F0D0-4735-9B33-EC67358D5005}"
	ProjectSection(ProjectDependencies) = postProject
		{51B69EB0-EC30-4CCA-96EA-1211EF6493C0} = {51B69EB0-EC30-4CCA-96EA-1211EF6493C0}
		{205052E7-9E24-49B2-94AB-A5E20A17A124} = {205052E7-9E24-49B2-94AB-A5E20A17A124}
	EndProjectSection
EndProject
Project("{8BC9CEB8-8B4A-11D0-8D11-00A0C91BC942}") = "Exe_Launch", "..\MsProject\MMORPG\Client\Exe_RrMMOLaunch.vcproj", "{8DD40455-B42F-4029-82DE-E9159E5715E6}"
	ProjectSection(ProjectDependencies) = postProject
		{51B69EB0-EC30-4CCA-96EA-1211EF6493C0} = {51B69EB0-EC30-4CCA-96EA-1211EF6493C0}
		{205052E7-9E24-49B2-94AB-A5E20A17A124} = {205052E7-9E24-49B2-94AB-A5E20A17A124}
	EndProjectSection
EndProject
Project("{8BC9CEB8-8B4A-11D0-8D11-00A0C91BC942}") = "Exe_Update", "..\MsProject\MMORPG\Client\Exe_RrMMOUpdate.vcproj", "{0A387336-0E10-41EE-8997-7D58A7A4E6E4}"
	ProjectSection(ProjectDependencies) = postProject
		{51B69EB0-EC30-4CCA-96EA-1211EF6493C0} = {51B69EB0-EC30-4CCA-96EA-1211EF6493C0}
		{205052E7-9E24-49B2-94AB-A5E20A17A124} = {205052E7-9E24-49B2-94AB-A5E20A17A124}
	EndProjectSection
EndProject
Project("{8BC9CEB8-8B4A-11D0-8D11-00A0C91BC942}") = "Lib_ExotericCode", "..\MsExtern\Exoteric\Lib_ExotericCode.vcproj", "{205052E7-9E24-49B2-94AB-A5E20A17A124}"
EndProject
Project("{8BC9CEB8-8B4A-11D0-8D11-00A0C91BC942}") = "Lib_MsMFC", "..\MsCode\Lib_MsMFC.vcproj", "{3FBBFF47-F1F8-4D18-97EB-47357382147E}"
EndProject
Project("{8BC9CEB8-8B4A-11D0-8D11-00A0C91BC942}") = "Exe_LauncherServer", "..\MsProject\MMORPG\Server\Exe_RrMMOLauncherServer.vcproj", "{ECF5EBD3-8196-4E7C-8E1A-E9C467E1F46B}"
	ProjectSection(ProjectDependencies) = postProject
		{3FBBFF47-F1F8-4D18-97EB-47357382147E} = {3FBBFF47-F1F8-4D18-97EB-47357382147E}
		{205052E7-9E24-49B2-94AB-A5E20A17A124} = {205052E7-9E24-49B2-94AB-A5E20A17A124}
	EndProjectSection
EndProject
Project("{8BC9CEB8-8B4A-11D0-8D11-00A0C91BC942}") = "Exe_SlowServer", "..\MsProject\MMORPG\Server\Exe_RrMMOSlowServer.vcproj", "{4E529894-320E-4D12-9F3D-7014F0E3E12C}"
	ProjectSection(ProjectDependencies) = postProject
		{51B69EB0-EC30-4CCA-96EA-1211EF6493C0} = {51B69EB0-EC30-4CCA-96EA-1211EF6493C0}
		{205052E7-9E24-49B2-94AB-A5E20A17A124} = {205052E7-9E24-49B2-94AB-A5E20A17A124}
	EndProjectSection
EndProject
Project("{8BC9CEB8-8B4A-11D0-8D11-00A0C91BC942}") = "Exe_PhysXServer", "..\MsProject\MMORPG\Server\Exe_RrMMOPhysXServer.vcproj", "{CA94CDCB-7B5B-4D25-863E-678116DA31EC}"
	ProjectSection(ProjectDependencies) = postProject
		{51B69EB0-EC30-4CCA-96EA-1211EF6493C0} = {51B69EB0-EC30-4CCA-96EA-1211EF6493C0}
		{205052E7-9E24-49B2-94AB-A5E20A17A124} = {205052E7-9E24-49B2-94AB-A5E20A17A124}
	EndProjectSection
EndProject
Project("{8BC9CEB8-8B4A-11D0-8D11-00A0C91BC942}") = "Exe_SimpleClient", "..\MsProject\MMORPG\Tools\Exe_RrMMOSimpleClient.vcproj", "{1AB849BA-E003-4C79-BAAC-C0704218DE6A}"
	ProjectSection(ProjectDependencies) = postProject
		{3FBBFF47-F1F8-4D18-97EB-47357382147E} = {3FBBFF47-F1F8-4D18-97EB-47357382147E}
		{205052E7-9E24-49B2-94AB-A5E20A17A124} = {205052E7-9E24-49B2-94AB-A5E20A17A124}
	EndProjectSection
EndProject
Global
	GlobalSection(SolutionConfigurationPlatforms) = preSolution
		__VC_Debug|Win32 = __VC_Debug|Win32
		__VC_Debug|x64 = __VC_Debug|x64
		__VC_Release|Win32 = __VC_Release|Win32
		__VC_Release|x64 = __VC_Release|x64
		_Intel_Debug|Win32 = _Intel_Debug|Win32
		_Intel_Debug|x64 = _Intel_Debug|x64
		_Intel_Release|Win32 = _Intel_Release|Win32
		_Intel_Release|x64 = _Intel_Release|x64
	EndGlobalSection
	GlobalSection(ProjectConfigurationPlatforms) = postSolution
		{51B69EB0-EC30-4CCA-96EA-1211EF6493C0}.__VC_Debug|Win32.ActiveCfg = __VC_Debug|Win32
		{51B69EB0-EC30-4CCA-96EA-1211EF6493C0}.__VC_Debug|Win32.Build.0 = __VC_Debug|Win32
		{51B69EB0-EC30-4CCA-96EA-1211EF6493C0}.__VC_Debug|x64.ActiveCfg = __VC_Debug|x64
		{51B69EB0-EC30-4CCA-96EA-1211EF6493C0}.__VC_Debug|x64.Build.0 = __VC_Debug|x64
		{51B69EB0-EC30-4CCA-96EA-1211EF6493C0}.__VC_Release|Win32.ActiveCfg = __VC_Release|Win32
		{51B69EB0-EC30-4CCA-96EA-1211EF6493C0}.__VC_Release|Win32.Build.0 = __VC_Release|Win32
		{51B69EB0-EC30-4CCA-96EA-1211EF6493C0}.__VC_Release|x64.ActiveCfg = __VC_Release|x64
		{51B69EB0-EC30-4CCA-96EA-1211EF6493C0}.__VC_Release|x64.Build.0 = __VC_Release|x64
		{51B69EB0-EC30-4CCA-96EA-1211EF6493C0}._Intel_Debug|Win32.ActiveCfg = _Intel_Debug|Win32
		{51B69EB0-EC30-4CCA-96EA-1211EF6493C0}._Intel_Debug|Win32.Build.0 = _Intel_Debug|Win32
		{51B69EB0-EC30-4CCA-96EA-1211EF6493C0}._Intel_Debug|x64.ActiveCfg = _Intel_Debug|x64
		{51B69EB0-EC30-4CCA-96EA-1211EF6493C0}._Intel_Debug|x64.Build.0 = _Intel_Debug|x64
		{51B69EB0-EC30-4CCA-96EA-1211EF6493C0}._Intel_Release|Win32.ActiveCfg = _Intel_Release|Win32
		{51B69EB0-EC30-4CCA-96EA-1211EF6493C0}._Intel_Release|Win32.Build.0 = _Intel_Release|Win32
		{51B69EB0-EC30-4CCA-96EA-1211EF6493C0}._Intel_Release|x64.ActiveCfg = _Intel_Release|x64
		{51B69EB0-EC30-4CCA-96EA-1211EF6493C0}._Intel_Release|x64.Build.0 = _Intel_Release|x64
		{CF7B4591-C11A-4816-B3FE-D7E9EC99E31F}.__VC_Debug|Win32.ActiveCfg = __VC_Debug|Win32
		{CF7B4591-C11A-4816-B3FE-D7E9EC99E31F}.__VC_Debug|Win32.Build.0 = __VC_Debug|Win32
		{CF7B4591-C11A-4816-B3FE-D7E9EC99E31F}.__VC_Debug|x64.ActiveCfg = __VC_Debug|x64
		{CF7B4591-C11A-4816-B3FE-D7E9EC99E31F}.__VC_Debug|x64.Build.0 = __VC_Debug|x64
		{CF7B4591-C11A-4816-B3FE-D7E9EC99E31F}.__VC_Release|Win32.ActiveCfg = __VC_Release|Win32
		{CF7B4591-C11A-4816-B3FE-D7E9EC99E31F}.__VC_Release|Win32.Build.0 = __VC_Release|Win32
		{CF7B4591-C11A-4816-B3FE-D7E9EC99E31F}.__VC_Release|x64.ActiveCfg = __VC_Release|x64
		{CF7B4591-C11A-4816-B3FE-D7E9EC99E31F}.__VC_Release|x64.Build.0 = __VC_Release|x64
		{CF7B4591-C11A-4816-B3FE-D7E9EC99E31F}._Intel_Debug|Win32.ActiveCfg = _Intel_Debug|Win32
		{CF7B4591-C11A-4816-B3FE-D7E9EC99E31F}._Intel_Debug|Win32.Build.0 = _Intel_Debug|Win32
		{CF7B4591-C11A-4816-B3FE-D7E9EC99E31F}._Intel_Debug|x64.ActiveCfg = _Intel_Debug|x64
		{CF7B4591-C11A-4816-B3FE-D7E9EC99E31F}._Intel_Debug|x64.Build.0 = _Intel_Debug|x64
		{CF7B4591-C11A-4816-B3FE-D7E9EC99E31F}._Intel_Release|Win32.ActiveCfg = _Intel_Release|Win32
		{CF7B4591-C11A-4816-B3FE-D7E9EC99E31F}._Intel_Release|Win32.Build.0 = _Intel_Release|Win32
		{CF7B4591-C11A-4816-B3FE-D7E9EC99E31F}._Intel_Release|x64.ActiveCfg = _Intel_Release|x64
		{CF7B4591-C11A-4816-B3FE-D7E9EC99E31F}._Intel_Release|x64.Build.0 = _Intel_Release|x64
		{382FBEED-8F8D-4D73-BB30-9BB374430DFF}.__VC_Debug|Win32.ActiveCfg = __VC_Debug|Win32
		{382FBEED-8F8D-4D73-BB30-9BB374430DFF}.__VC_Debug|Win32.Build.0 = __VC_Debug|Win32
		{382FBEED-8F8D-4D73-BB30-9BB374430DFF}.__VC_Debug|x64.ActiveCfg = __VC_Debug|x64
		{382FBEED-8F8D-4D73-BB30-9BB374430DFF}.__VC_Debug|x64.Build.0 = __VC_Debug|x64
		{382FBEED-8F8D-4D73-BB30-9BB374430DFF}.__VC_Release|Win32.ActiveCfg = __VC_Release|Win32
		{382FBEED-8F8D-4D73-BB30-9BB374430DFF}.__VC_Release|Win32.Build.0 = __VC_Release|Win32
		{382FBEED-8F8D-4D73-BB30-9BB374430DFF}.__VC_Release|x64.ActiveCfg = __VC_Release|x64
		{382FBEED-8F8D-4D73-BB30-9BB374430DFF}.__VC_Release|x64.Build.0 = __VC_Release|x64
		{382FBEED-8F8D-4D73-BB30-9BB374430DFF}._Intel_Debug|Win32.ActiveCfg = _Intel_Debug|Win32
		{382FBEED-8F8D-4D73-BB30-9BB374430DFF}._Intel_Debug|Win32.Build.0 = _Intel_Debug|Win32
		{382FBEED-8F8D-4D73-BB30-9BB374430DFF}._Intel_Debug|x64.ActiveCfg = _Intel_Debug|x64
		{382FBEED-8F8D-4D73-BB30-9BB374430DFF}._Intel_Debug|x64.Build.0 = _Intel_Debug|x64
		{382FBEED-8F8D-4D73-BB30-9BB374430DFF}._Intel_Release|Win32.ActiveCfg = _Intel_Release|Win32
		{382FBEED-8F8D-4D73-BB30-9BB374430DFF}._Intel_Release|Win32.Build.0 = _Intel_Release|Win32
		{382FBEED-8F8D-4D73-BB30-9BB374430DFF}._Intel_Release|x64.ActiveCfg = _Intel_Release|x64
		{382FBEED-8F8D-4D73-BB30-9BB374430DFF}._Intel_Release|x64.Build.0 = _Intel_Release|x64
		{A5AA2994-DC86-4636-B5DF-8E81A0213936}.__VC_Debug|Win32.ActiveCfg = __VC_Debug|Win32
		{A5AA2994-DC86-4636-B5DF-8E81A0213936}.__VC_Debug|Win32.Build.0 = __VC_Debug|Win32
		{A5AA2994-DC86-4636-B5DF-8E81A0213936}.__VC_Debug|x64.ActiveCfg = __VC_Debug|x64
		{A5AA2994-DC86-4636-B5DF-8E81A0213936}.__VC_Debug|x64.Build.0 = __VC_Debug|x64
		{A5AA2994-DC86-4636-B5DF-8E81A0213936}.__VC_Release|Win32.ActiveCfg = __VC_Release|Win32
		{A5AA2994-DC86-4636-B5DF-8E81A0213936}.__VC_Release|Win32.Build.0 = __VC_Release|Win32
		{A5AA2994-DC86-4636-B5DF-8E81A0213936}.__VC_Release|x64.ActiveCfg = __VC_Release|x64
		{A5AA2994-DC86-4636-B5DF-8E81A0213936}.__VC_Release|x64.Build.0 = __VC_Release|x64
		{A5AA2994-DC86-4636-B5DF-8E81A0213936}._Intel_Debug|Win32.ActiveCfg = _Intel_Debug|Win32
		{A5AA2994-DC86-4636-B5DF-8E81A0213936}._Intel_Debug|Win32.Build.0 = _Intel_Debug|Win32
		{A5AA2994-DC86-4636-B5DF-8E81A0213936}._Intel_Debug|x64.ActiveCfg = _Intel_Debug|x64
		{A5AA2994-DC86-4636-B5DF-8E81A0213936}._Intel_Debug|x64.Build.0 = _Intel_Debug|x64
		{A5AA2994-DC86-4636-B5DF-8E81A0213936}._Intel_Release|Win32.ActiveCfg = _Intel_Release|Win32
		{A5AA2994-DC86-4636-B5DF-8E81A0213936}._Intel_Release|Win32.Build.0 = _Intel_Release|Win32
		{A5AA2994-DC86-4636-B5DF-8E81A0213936}._Intel_Release|x64.ActiveCfg = _Intel_Release|x64
		{A5AA2994-DC86-4636-B5DF-8E81A0213936}._Intel_Release|x64.Build.0 = _Intel_Release|x64
		{A0B195E3-5D71-4D5E-8C9F-F18C0FC8A569}.__VC_Debug|Win32.ActiveCfg = __VC_Debug|Win32
		{A0B195E3-5D71-4D5E-8C9F-F18C0FC8A569}.__VC_Debug|Win32.Build.0 = __VC_Debug|Win32
		{A0B195E3-5D71-4D5E-8C9F-F18C0FC8A569}.__VC_Debug|x64.ActiveCfg = __VC_Debug|x64
		{A0B195E3-5D71-4D5E-8C9F-F18C0FC8A569}.__VC_Debug|x64.Build.0 = __VC_Debug|x64
		{A0B195E3-5D71-4D5E-8C9F-F18C0FC8A569}.__VC_Release|Win32.ActiveCfg = __VC_Release|Win32
		{A0B195E3-5D71-4D5E-8C9F-F18C0FC8A569}.__VC_Release|Win32.Build.0 = __VC_Release|Win32
		{A0B195E3-5D71-4D5E-8C9F-F18C0FC8A569}.__VC_Release|x64.ActiveCfg = __VC_Release|x64
		{A0B195E3-5D71-4D5E-8C9F-F18C0FC8A569}.__VC_Release|x64.Build.0 = __VC_Release|x64
		{A0B195E3-5D71-4D5E-8C9F-F18C0FC8A569}._Intel_Debug|Win32.ActiveCfg = _Intel_Debug|Win32
		{A0B195E3-5D71-4D5E-8C9F-F18C0FC8A569}._Intel_Debug|Win32.Build.0 = _Intel_Debug|Win32
		{A0B195E3-5D71-4D5E-8C9F-F18C0FC8A569}._Intel_Debug|x64.ActiveCfg = _Intel_Debug|x64
		{A0B195E3-5D71-4D5E-8C9F-F18C0FC8A569}._Intel_Debug|x64.Build.0 = _Intel_Debug|x64
		{A0B195E3-5D71-4D5E-8C9F-F18C0FC8A569}._Intel_Release|Win32.ActiveCfg = _Intel_Release|Win32
		{A0B195E3-5D71-4D5E-8C9F-F18C0FC8A569}._Intel_Release|Win32.Build.0 = _Intel_Release|Win32
		{A0B195E3-5D71-4D5E-8C9F-F18C0FC8A569}._Intel_Release|x64.ActiveCfg = _Intel_Release|x64
		{A0B195E3-5D71-4D5E-8C9F-F18C0FC8A569}._Intel_Release|x64.Build.0 = _Intel_Release|x64
		{905A2A6F-7324-4400-B46C-86005DC7A429}.__VC_Debug|Win32.ActiveCfg = __VC_Debug|Win32
		{905A2A6F-7324-4400-B46C-86005DC7A429}.__VC_Debug|Win32.Build.0 = __VC_Debug|Win32
		{905A2A6F-7324-4400-B46C-86005DC7A429}.__VC_Debug|x64.ActiveCfg = __VC_Debug|x64
		{905A2A6F-7324-4400-B46C-86005DC7A429}.__VC_Debug|x64.Build.0 = __VC_Debug|x64
		{905A2A6F-7324-4400-B46C-86005DC7A429}.__VC_Release|Win32.ActiveCfg = __VC_Release|Win32
		{905A2A6F-7324-4400-B46C-86005DC7A429}.__VC_Release|Win32.Build.0 = __VC_Release|Win32
		{905A2A6F-7324-4400-B46C-86005DC7A429}.__VC_Release|x64.ActiveCfg = __VC_Release|x64
		{905A2A6F-7324-4400-B46C-86005DC7A429}.__VC_Release|x64.Build.0 = __VC_Release|x64
		{905A2A6F-7324-4400-B46C-86005DC7A429}._Intel_Debug|Win32.ActiveCfg = _Intel_Debug|Win32
		{905A2A6F-7324-4400-B46C-86005DC7A429}._Intel_Debug|Win32.Build.0 = _Intel_Debug|Win32
		{905A2A6F-7324-4400-B46C-86005DC7A429}._Intel_Debug|x64.ActiveCfg = _Intel_Debug|x64
		{905A2A6F-7324-4400-B46C-86005DC7A429}._Intel_Debug|x64.Build.0 = _Intel_Debug|x64
		{905A2A6F-7324-4400-B46C-86005DC7A429}._Intel_Release|Win32.ActiveCfg = _Intel_Release|Win32
		{905A2A6F-7324-4400-B46C-86005DC7A429}._Intel_Release|Win32.Build.0 = _Intel_Release|Win32
		{905A2A6F-7324-4400-B46C-86005DC7A429}._Intel_Release|x64.ActiveCfg = _Intel_Release|x64
		{905A2A6F-7324-4400-B46C-86005DC7A429}._Intel_Release|x64.Build.0 = _Intel_Release|x64
		{D30530F1-21AB-492E-BC05-2BF681765B38}.__VC_Debug|Win32.ActiveCfg = __VC_Debug|Win32
		{D30530F1-21AB-492E-BC05-2BF681765B38}.__VC_Debug|Win32.Build.0 = __VC_Debug|Win32
		{D30530F1-21AB-492E-BC05-2BF681765B38}.__VC_Debug|x64.ActiveCfg = __VC_Debug|x64
		{D30530F1-21AB-492E-BC05-2BF681765B38}.__VC_Debug|x64.Build.0 = __VC_Debug|x64
		{D30530F1-21AB-492E-BC05-2BF681765B38}.__VC_Release|Win32.ActiveCfg = __VC_Release|Win32
		{D30530F1-21AB-492E-BC05-2BF681765B38}.__VC_Release|Win32.Build.0 = __VC_Release|Win32
		{D30530F1-21AB-492E-BC05-2BF681765B38}.__VC_Release|x64.ActiveCfg = __VC_Release|x64
		{D30530F1-21AB-492E-BC05-2BF681765B38}.__VC_Release|x64.Build.0 = __VC_Release|x64
		{D30530F1-21AB-492E-BC05-2BF681765B38}._Intel_Debug|Win32.ActiveCfg = _Intel_Debug|Win32
		{D30530F1-21AB-492E-BC05-2BF681765B38}._Intel_Debug|Win32.Build.0 = _Intel_Debug|Win32
		{D30530F1-21AB-492E-BC05-2BF681765B38}._Intel_Debug|x64.ActiveCfg = _Intel_Debug|x64
		{D30530F1-21AB-492E-BC05-2BF681765B38}._Intel_Debug|x64.Build.0 = _Intel_Debug|x64
		{D30530F1-21AB-492E-BC05-2BF681765B38}._Intel_Release|Win32.ActiveCfg = _Intel_Release|Win32
		{D30530F1-21AB-492E-BC05-2BF681765B38}._Intel_Release|Win32.Build.0 = _Intel_Release|Win32
		{D30530F1-21AB-492E-BC05-2BF681765B38}._Intel_Release|x64.ActiveCfg = _Intel_Release|x64
		{D30530F1-21AB-492E-BC05-2BF681765B38}._Intel_Release|x64.Build.0 = _Intel_Release|x64
		{93AB7F74-699B-4187-8B5F-29A8B9B1E1C5}.__VC_Debug|Win32.ActiveCfg = __VC_Debug|Win32
		{93AB7F74-699B-4187-8B5F-29A8B9B1E1C5}.__VC_Debug|Win32.Build.0 = __VC_Debug|Win32
		{93AB7F74-699B-4187-8B5F-29A8B9B1E1C5}.__VC_Debug|x64.ActiveCfg = __VC_Debug|x64
		{93AB7F74-699B-4187-8B5F-29A8B9B1E1C5}.__VC_Debug|x64.Build.0 = __VC_Debug|x64
		{93AB7F74-699B-4187-8B5F-29A8B9B1E1C5}.__VC_Release|Win32.ActiveCfg = __VC_Release|Win32
		{93AB7F74-699B-4187-8B5F-29A8B9B1E1C5}.__VC_Release|Win32.Build.0 = __VC_Release|Win32
		{93AB7F74-699B-4187-8B5F-29A8B9B1E1C5}.__VC_Release|x64.ActiveCfg = __VC_Release|x64
		{93AB7F74-699B-4187-8B5F-29A8B9B1E1C5}.__VC_Release|x64.Build.0 = __VC_Release|x64
		{93AB7F74-699B-4187-8B5F-29A8B9B1E1C5}._Intel_Debug|Win32.ActiveCfg = _Intel_Debug|Win32
		{93AB7F74-699B-4187-8B5F-29A8B9B1E1C5}._Intel_Debug|Win32.Build.0 = _Intel_Debug|Win32
		{93AB7F74-699B-4187-8B5F-29A8B9B1E1C5}._Intel_Debug|x64.ActiveCfg = _Intel_Debug|x64
		{93AB7F74-699B-4187-8B5F-29A8B9B1E1C5}._Intel_Debug|x64.Build.0 = _Intel_Debug|x64
		{93AB7F74-699B-4187-8B5F-29A8B9B1E1C5}._Intel_Release|Win32.ActiveCfg = _Intel_Release|Win32
		{93AB7F74-699B-4187-8B5F-29A8B9B1E1C5}._Intel_Release|Win32.Build.0 = _Intel_Release|Win32
		{93AB7F74-699B-4187-8B5F-29A8B9B1E1C5}._Intel_Release|x64.ActiveCfg = _Intel_Release|x64
		{93AB7F74-699B-4187-8B5F-29A8B9B1E1C5}._Intel_Release|x64.Build.0 = _Intel_Release|x64
		{AB5C47DC-E8C9-4E88-B176-FABB1320A3B9}.__VC_Debug|Win32.ActiveCfg = __VC_Debug|Win32
		{AB5C47DC-E8C9-4E88-B176-FABB1320A3B9}.__VC_Debug|Win32.Build.0 = __VC_Debug|Win32
		{AB5C47DC-E8C9-4E88-B176-FABB1320A3B9}.__VC_Debug|x64.ActiveCfg = __VC_Debug|x64
		{AB5C47DC-E8C9-4E88-B176-FABB1320A3B9}.__VC_Debug|x64.Build.0 = __VC_Debug|x64
		{AB5C47DC-E8C9-4E88-B176-FABB1320A3B9}.__VC_Release|Win32.ActiveCfg = __VC_Release|Win32
		{AB5C47DC-E8C9-4E88-B176-FABB1320A3B9}.__VC_Release|Win32.Build.0 = __VC_Release|Win32
		{AB5C47DC-E8C9-4E88-B176-FABB1320A3B9}.__VC_Release|x64.ActiveCfg = __VC_Release|x64
		{AB5C47DC-E8C9-4E88-B176-FABB1320A3B9}.__VC_Release|x64.Build.0 = __VC_Release|x64
		{AB5C47DC-E8C9-4E88-B176-FABB1320A3B9}._Intel_Debug|Win32.ActiveCfg = _Intel_Debug|Win32
		{AB5C47DC-E8C9-4E88-B176-FABB1320A3B9}._Intel_Debug|Win32.Build.0 = _Intel_Debug|Win32
		{AB5C47DC-E8C9-4E88-B176-FABB1320A3B9}._Intel_Debug|x64.ActiveCfg = _Intel_Debug|x64
		{AB5C47DC-E8C9-4E88-B176-FABB1320A3B9}._Intel_Debug|x64.Build.0 = _Intel_Debug|x64
		{AB5C47DC-E8C9-4E88-B176-FABB1320A3B9}._Intel_Release|Win32.ActiveCfg = _Intel_Release|Win32
		{AB5C47DC-E8C9-4E88-B176-FABB1320A3B9}._Intel_Release|Win32.Build.0 = _Intel_Release|Win32
		{AB5C47DC-E8C9-4E88-B176-FABB1320A3B9}._Intel_Release|x64.ActiveCfg = _Intel_Release|x64
		{AB5C47DC-E8C9-4E88-B176-FABB1320A3B9}._Intel_Release|x64.Build.0 = _Intel_Release|x64
		{CE632B22-5594-427F-95D8-D73E8ECB2AED}.__VC_Debug|Win32.ActiveCfg = __VC_Debug|Win32
		{CE632B22-5594-427F-95D8-D73E8ECB2AED}.__VC_Debug|Win32.Build.0 = __VC_Debug|Win32
		{CE632B22-5594-427F-95D8-D73E8ECB2AED}.__VC_Debug|x64.ActiveCfg = __VC_Debug|x64
		{CE632B22-5594-427F-95D8-D73E8ECB2AED}.__VC_Debug|x64.Build.0 = __VC_Debug|x64
		{CE632B22-5594-427F-95D8-D73E8ECB2AED}.__VC_Release|Win32.ActiveCfg = __VC_Release|Win32
		{CE632B22-5594-427F-95D8-D73E8ECB2AED}.__VC_Release|Win32.Build.0 = __VC_Release|Win32
		{CE632B22-5594-427F-95D8-D73E8ECB2AED}.__VC_Release|x64.ActiveCfg = __VC_Release|x64
		{CE632B22-5594-427F-95D8-D73E8ECB2AED}.__VC_Release|x64.Build.0 = __VC_Release|x64
		{CE632B22-5594-427F-95D8-D73E8ECB2AED}._Intel_Debug|Win32.ActiveCfg = _Intel_Debug|Win32
		{CE632B22-5594-427F-95D8-D73E8ECB2AED}._Intel_Debug|Win32.Build.0 = _Intel_Debug|Win32
		{CE632B22-5594-427F-95D8-D73E8ECB2AED}._Intel_Debug|x64.ActiveCfg = _Intel_Debug|x64
		{CE632B22-5594-427F-95D8-D73E8ECB2AED}._Intel_Debug|x64.Build.0 = _Intel_Debug|x64
		{CE632B22-5594-427F-95D8-D73E8ECB2AED}._Intel_Release|Win32.ActiveCfg = _Intel_Release|Win32
		{CE632B22-5594-427F-95D8-D73E8ECB2AED}._Intel_Release|Win32.Build.0 = _Intel_Release|Win32
		{CE632B22-5594-427F-95D8-D73E8ECB2AED}._Intel_Release|x64.ActiveCfg = _Intel_Release|x64
		{CE632B22-5594-427F-95D8-D73E8ECB2AED}._Intel_Release|x64.Build.0 = _Intel_Release|x64
		{9FFC0BB2-D3B2-43FD-8AB8-271FC1BF13C8}.__VC_Debug|Win32.ActiveCfg = __VC_Debug|Win32
		{9FFC0BB2-D3B2-43FD-8AB8-271FC1BF13C8}.__VC_Debug|Win32.Build.0 = __VC_Debug|Win32
		{9FFC0BB2-D3B2-43FD-8AB8-271FC1BF13C8}.__VC_Debug|x64.ActiveCfg = __VC_Debug|x64
		{9FFC0BB2-D3B2-43FD-8AB8-271FC1BF13C8}.__VC_Debug|x64.Build.0 = __VC_Debug|x64
		{9FFC0BB2-D3B2-43FD-8AB8-271FC1BF13C8}.__VC_Release|Win32.ActiveCfg = __VC_Release|Win32
		{9FFC0BB2-D3B2-43FD-8AB8-271FC1BF13C8}.__VC_Release|Win32.Build.0 = __VC_Release|Win32
		{9FFC0BB2-D3B2-43FD-8AB8-271FC1BF13C8}.__VC_Release|x64.ActiveCfg = __VC_Release|x64
		{9FFC0BB2-D3B2-43FD-8AB8-271FC1BF13C8}.__VC_Release|x64.Build.0 = __VC_Release|x64
		{9FFC0BB2-D3B2-43FD-8AB8-271FC1BF13C8}._Intel_Debug|Win32.ActiveCfg = _Intel_Debug|Win32
		{9FFC0BB2-D3B2-43FD-8AB8-271FC1BF13C8}._Intel_Debug|Win32.Build.0 = _Intel_Debug|Win32
		{9FFC0BB2-D3B2-43FD-8AB8-271FC1BF13C8}._Intel_Debug|x64.ActiveCfg = _Intel_Debug|x64
		{9FFC0BB2-D3B2-43FD-8AB8-271FC1BF13C8}._Intel_Debug|x64.Build.0 = _Intel_Debug|x64
		{9FFC0BB2-D3B2-43FD-8AB8-271FC1BF13C8}._Intel_Release|Win32.ActiveCfg = _Intel_Release|Win32
		{9FFC0BB2-D3B2-43FD-8AB8-271FC1BF13C8}._Intel_Release|Win32.Build.0 = _Intel_Release|Win32
		{9FFC0BB2-D3B2-43FD-8AB8-271FC1BF13C8}._Intel_Release|x64.ActiveCfg = _Intel_Release|x64
		{9FFC0BB2-D3B2-43FD-8AB8-271FC1BF13C8}._Intel_Release|x64.Build.0 = _Intel_Release|x64
		{C2A66515-F0D0-4735-9B33-EC67358D5005}.__VC_Debug|Win32.ActiveCfg = __VC_Debug|Win32
		{C2A66515-F0D0-4735-9B33-EC67358D5005}.__VC_Debug|Win32.Build.0 = __VC_Debug|Win32
		{C2A66515-F0D0-4735-9B33-EC67358D5005}.__VC_Debug|x64.ActiveCfg = __VC_Debug|x64
		{C2A66515-F0D0-4735-9B33-EC67358D5005}.__VC_Debug|x64.Build.0 = __VC_Debug|x64
		{C2A66515-F0D0-4735-9B33-EC67358D5005}.__VC_Release|Win32.ActiveCfg = __VC_Release|Win32
		{C2A66515-F0D0-4735-9B33-EC67358D5005}.__VC_Release|Win32.Build.0 = __VC_Release|Win32
		{C2A66515-F0D0-4735-9B33-EC67358D5005}.__VC_Release|x64.ActiveCfg = __VC_Release|x64
		{C2A66515-F0D0-4735-9B33-EC67358D5005}.__VC_Release|x64.Build.0 = __VC_Release|x64
		{C2A66515-F0D0-4735-9B33-EC67358D5005}._Intel_Debug|Win32.ActiveCfg = _Intel_Debug|Win32
		{C2A66515-F0D0-4735-9B33-EC67358D5005}._Intel_Debug|Win32.Build.0 = _Intel_Debug|Win32
		{C2A66515-F0D0-4735-9B33-EC67358D5005}._Intel_Debug|x64.ActiveCfg = _Intel_Debug|x64
		{C2A66515-F0D0-4735-9B33-EC67358D5005}._Intel_Debug|x64.Build.0 = _Intel_Debug|x64
		{C2A66515-F0D0-4735-9B33-EC67358D5005}._Intel_Release|Win32.ActiveCfg = _Intel_Release|Win32
		{C2A66515-F0D0-4735-9B33-EC67358D5005}._Intel_Release|Win32.Build.0 = _Intel_Release|Win32
		{C2A66515-F0D0-4735-9B33-EC67358D5005}._Intel_Release|x64.ActiveCfg = _Intel_Release|x64
		{C2A66515-F0D0-4735-9B33-EC67358D5005}._Intel_Release|x64.Build.0 = _Intel_Release|x64
		{8DD40455-B42F-4029-82DE-E9159E5715E6}.__VC_Debug|Win32.ActiveCfg = __VC_Debug|Win32
		{8DD40455-B42F-4029-82DE-E9159E5715E6}.__VC_Debug|Win32.Build.0 = __VC_Debug|Win32
		{8DD40455-B42F-4029-82DE-E9159E5715E6}.__VC_Debug|x64.ActiveCfg = __VC_Debug|x64
		{8DD40455-B42F-4029-82DE-E9159E5715E6}.__VC_Debug|x64.Build.0 = __VC_Debug|x64
		{8DD40455-B42F-4029-82DE-E9159E5715E6}.__VC_Release|Win32.ActiveCfg = __VC_Release|Win32
		{8DD40455-B42F-4029-82DE-E9159E5715E6}.__VC_Release|Win32.Build.0 = __VC_Release|Win32
		{8DD40455-B42F-4029-82DE-E9159E5715E6}.__VC_Release|x64.ActiveCfg = __VC_Release|x64
		{8DD40455-B42F-4029-82DE-E9159E5715E6}.__VC_Release|x64.Build.0 = __VC_Release|x64
		{8DD40455-B42F-4029-82DE-E9159E5715E6}._Intel_Debug|Win32.ActiveCfg = _Intel_Debug|Win32
		{8DD40455-B42F-4029-82DE-E9159E5715E6}._Intel_Debug|Win32.Build.0 = _Intel_Debug|Win32
		{8DD40455-B42F-4029-82DE-E9159E5715E6}._Intel_Debug|x64.ActiveCfg = _Intel_Debug|x64
		{8DD40455-B42F-4029-82DE-E9159E5715E6}._Intel_Debug|x64.Build.0 = _Intel_Debug|x64
		{8DD40455-B42F-4029-82DE-E9159E5715E6}._Intel_Release|Win32.ActiveCfg = _Intel_Release|Win32
		{8DD40455-B42F-4029-82DE-E9159E5715E6}._Intel_Release|Win32.Build.0 = _Intel_Release|Win32
		{8DD40455-B42F-4029-82DE-E9159E5715E6}._Intel_Release|x64.ActiveCfg = _Intel_Release|x64
		{8DD40455-B42F-4029-82DE-E9159E5715E6}._Intel_Release|x64.Build.0 = _Intel_Release|x64
		{0A387336-0E10-41EE-8997-7D58A7A4E6E4}.__VC_Debug|Win32.ActiveCfg = __VC_Debug|Win32
		{0A387336-0E10-41EE-8997-7D58A7A4E6E4}.__VC_Debug|Win32.Build.0 = __VC_Debug|Win32
		{0A387336-0E10-41EE-8997-7D58A7A4E6E4}.__VC_Debug|x64.ActiveCfg = __VC_Debug|x64
		{0A387336-0E10-41EE-8997-7D58A7A4E6E4}.__VC_Debug|x64.Build.0 = __VC_Debug|x64
		{0A387336-0E10-41EE-8997-7D58A7A4E6E4}.__VC_Release|Win32.ActiveCfg = __VC_Release|Win32
		{0A387336-0E10-41EE-8997-7D58A7A4E6E4}.__VC_Release|Win32.Build.0 = __VC_Release|Win32
		{0A387336-0E10-41EE-8997-7D58A7A4E6E4}.__VC_Release|x64.ActiveCfg = __VC_Release|x64
		{0A387336-0E10-41EE-8997-7D58A7A4E6E4}.__VC_Release|x64.Build.0 = __VC_Release|x64
		{0A387336-0E10-41EE-8997-7D58A7A4E6E4}._Intel_Debug|Win32.ActiveCfg = _Intel_Debug|Win32
		{0A387336-0E10-41EE-8997-7D58A7A4E6E4}._Intel_Debug|Win32.Build.0 = _Intel_Debug|Win32
		{0A387336-0E10-41EE-8997-7D58A7A4E6E4}._Intel_Debug|x64.ActiveCfg = _Intel_Debug|x64
		{0A387336-0E10-41EE-8997-7D58A7A4E6E4}._Intel_Debug|x64.Build.0 = _Intel_Debug|x64
		{0A387336-0E10-41EE-8997-7D58A7A4E6E4}._Intel_Release|Win32.ActiveCfg = _Intel_Release|Win32
		{0A387336-0E10-41EE-8997-7D58A7A4E6E4}._Intel_Release|Win32.Build.0 = _Intel_Release|Win32
		{0A387336-0E10-41EE-8997-7D58A7A4E6E4}._Intel_Release|x64.ActiveCfg = _Intel_Release|x64
		{0A387336-0E10-41EE-8997-7D58A7A4E6E4}._Intel_Release|x64.Build.0 = _Intel_Release|x64
		{205052E7-9E24-49B2-94AB-A5E20A17A124}.__VC_Debug|Win32.ActiveCfg = __VC_Debug|Win32
		{205052E7-9E24-49B2-94AB-A5E20A17A124}.__VC_Debug|Win32.Build.0 = __VC_Debug|Win32
		{205052E7-9E24-49B2-94AB-A5E20A17A124}.__VC_Debug|x64.ActiveCfg = __VC_Debug|x64
		{205052E7-9E24-49B2-94AB-A5E20A17A124}.__VC_Debug|x64.Build.0 = __VC_Debug|x64
		{205052E7-9E24-49B2-94AB-A5E20A17A124}.__VC_Release|Win32.ActiveCfg = __VC_Release|Win32
		{205052E7-9E24-49B2-94AB-A5E20A17A124}.__VC_Release|Win32.Build.0 = __VC_Release|Win32
		{205052E7-9E24-49B2-94AB-A5E20A17A124}.__VC_Release|x64.ActiveCfg = __VC_Release|x64
		{205052E7-9E24-49B2-94AB-A5E20A17A124}.__VC_Release|x64.Build.0 = __VC_Release|x64
		{205052E7-9E24-49B2-94AB-A5E20A17A124}._Intel_Debug|Win32.ActiveCfg = _Intel_Debug|Win32
		{205052E7-9E24-49B2-94AB-A5E20A17A124}._Intel_Debug|Win32.Build.0 = _Intel_Debug|Win32
		{205052E7-9E24-49B2-94AB-A5E20A17A124}._Intel_Debug|x64.ActiveCfg = _Intel_Debug|x64
		{205052E7-9E24-49B2-94AB-A5E20A17A124}._Intel_Debug|x64.Build.0 = _Intel_Debug|x64
		{205052E7-9E24-49B2-94AB-A5E20A17A124}._Intel_Release|Win32.ActiveCfg = _Intel_Release|Win32
		{205052E7-9E24-49B2-94AB-A5E20A17A124}._Intel_Release|Win32.Build.0 = _Intel_Release|Win32
		{205052E7-9E24-49B2-94AB-A5E20A17A124}._Intel_Release|x64.ActiveCfg = _Intel_Release|x64
		{205052E7-9E24-49B2-94AB-A5E20A17A124}._Intel_Release|x64.Build.0 = _Intel_Release|x64
		{3FBBFF47-F1F8-4D18-97EB-47357382147E}.__VC_Debug|Win32.ActiveCfg = __VC_Debug|Win32
		{3FBBFF47-F1F8-4D18-97EB-47357382147E}.__VC_Debug|Win32.Build.0 = __VC_Debug|Win32
		{3FBBFF47-F1F8-4D18-97EB-47357382147E}.__VC_Debug|x64.ActiveCfg = __VC_Debug|x64
		{3FBBFF47-F1F8-4D18-97EB-47357382147E}.__VC_Debug|x64.Build.0 = __VC_Debug|x64
		{3FBBFF47-F1F8-4D18-97EB-47357382147E}.__VC_Release|Win32.ActiveCfg = __VC_Release|Win32
		{3FBBFF47-F1F8-4D18-97EB-47357382147E}.__VC_Release|Win32.Build.0 = __VC_Release|Win32
		{3FBBFF47-F1F8-4D18-97EB-47357382147E}.__VC_Release|x64.ActiveCfg = __VC_Release|x64
		{3FBBFF47-F1F8-4D18-97EB-47357382147E}.__VC_Release|x64.Build.0 = __VC_Release|x64
		{3FBBFF47-F1F8-4D18-97EB-47357382147E}._Intel_Debug|Win32.ActiveCfg = _Intel_Debug|Win32
		{3FBBFF47-F1F8-4D18-97EB-47357382147E}._Intel_Debug|Win32.Build.0 = _Intel_Debug|Win32
		{3FBBFF47-F1F8-4D18-97EB-47357382147E}._Intel_Debug|x64.ActiveCfg = _Intel_Debug|x64
		{3FBBFF47-F1F8-4D18-97EB-47357382147E}._Intel_Debug|x64.Build.0 = _Intel_Debug|x64
		{3FBBFF47-F1F8-4D18-97EB-47357382147E}._Intel_Release|Win32.ActiveCfg = _Intel_Release|Win32
		{3FBBFF47-F1F8-4D18-97EB-47357382147E}._Intel_Release|Win32.Build.0 = _Intel_Release|Win32
		{3FBBFF47-F1F8-4D18-97EB-47357382147E}._Intel_Release|x64.ActiveCfg = _Intel_Release|x64
		{3FBBFF47-F1F8-4D18-97EB-47357382147E}._Intel_Release|x64.Build.0 = _Intel_Release|x64
		{ECF5EBD3-8196-4E7C-8E1A-E9C467E1F46B}.__VC_Debug|Win32.ActiveCfg = __VC_Debug|Win32
		{ECF5EBD3-8196-4E7C-8E1A-E9C467E1F46B}.__VC_Debug|Win32.Build.0 = __VC_Debug|Win32
		{ECF5EBD3-8196-4E7C-8E1A-E9C467E1F46B}.__VC_Debug|x64.ActiveCfg = __VC_Debug|x64
		{ECF5EBD3-8196-4E7C-8E1A-E9C467E1F46B}.__VC_Debug|x64.Build.0 = __VC_Debug|x64
		{ECF5EBD3-8196-4E7C-8E1A-E9C467E1F46B}.__VC_Release|Win32.ActiveCfg = __VC_Release|Win32
		{ECF5EBD3-8196-4E7C-8E1A-E9C467E1F46B}.__VC_Release|Win32.Build.0 = __VC_Release|Win32
		{ECF5EBD3-8196-4E7C-8E1A-E9C467E1F46B}.__VC_Release|x64.ActiveCfg = __VC_Release|x64
		{ECF5EBD3-8196-4E7C-8E1A-E9C467E1F46B}.__VC_Release|x64.Build.0 = __VC_Release|x64
		{ECF5EBD3-8196-4E7C-8E1A-E9C467E1F46B}._Intel_Debug|Win32.ActiveCfg = _Intel_Debug|Win32
		{ECF5EBD3-8196-4E7C-8E1A-E9C467E1F46B}._Intel_Debug|Win32.Build.0 = _Intel_Debug|Win32
		{ECF5EBD3-8196-4E7C-8E1A-E9C467E1F46B}._Intel_Debug|x64.ActiveCfg = _Intel_Debug|x64
		{ECF5EBD3-8196-4E7C-8E1A-E9C467E1F46B}._Intel_Debug|x64.Build.0 = _Intel_Debug|x64
		{ECF5EBD3-8196-4E7C-8E1A-E9C467E1F46B}._Intel_Release|Win32.ActiveCfg = _Intel_Release|Win32
		{ECF5EBD3-8196-4E7C-8E1A-E9C467E1F46B}._Intel_Release|Win32.Build.0 = _Intel_Release|Win32
		{ECF5EBD3-8196-4E7C-8E1A-E9C467E1F46B}._Intel_Release|x64.ActiveCfg = _Intel_Release|x64
		{ECF5EBD3-8196-4E7C-8E1A-E9C467E1F46B}._Intel_Release|x64.Build.0 = _Intel_Release|x64
		{4E529894-320E-4D12-9F3D-7014F0E3E12C}.__VC_Debug|Win32.ActiveCfg = __VC_Debug|Win32
		{4E529894-320E-4D12-9F3D-7014F0E3E12C}.__VC_Debug|Win32.Build.0 = __VC_Debug|Win32
		{4E529894-320E-4D12-9F3D-7014F0E3E12C}.__VC_Debug|x64.ActiveCfg = __VC_Debug|x64
		{4E529894-320E-4D12-9F3D-7014F0E3E12C}.__VC_Debug|x64.Build.0 = __VC_Debug|x64
		{4E529894-320E-4D12-9F3D-7014F0E3E12C}.__VC_Release|Win32.ActiveCfg = __VC_Release|Win32
		{4E529894-320E-4D12-9F3D-7014F0E3E12C}.__VC_Release|Win32.Build.0 = __VC_Release|Win32
		{4E529894-320E-4D12-9F3D-7014F0E3E12C}.__VC_Release|x64.ActiveCfg = __VC_Release|x64
		{4E529894-320E-4D12-9F3D-7014F0E3E12C}.__VC_Release|x64.Build.0 = __VC_Release|x64
		{4E529894-320E-4D12-9F3D-7014F0E3E12C}._Intel_Debug|Win32.ActiveCfg = _Intel_Debug|Win32
		{4E529894-320E-4D12-9F3D-7014F0E3E12C}._Intel_Debug|Win32.Build.0 = _Intel_Debug|Win32
		{4E529894-320E-4D12-9F3D-7014F0E3E12C}._Intel_Debug|x64.ActiveCfg = _Intel_Debug|x64
		{4E529894-320E-4D12-9F3D-7014F0E3E12C}._Intel_Debug|x64.Build.0 = _Intel_Debug|x64
		{4E529894-320E-4D12-9F3D-7014F0E3E12C}._Intel_Release|Win32.ActiveCfg = _Intel_Release|Win32
		{4E529894-320E-4D12-9F3D-7014F0E3E12C}._Intel_Release|Win32.Build.0 = _Intel_Release|Win32
		{4E529894-320E-4D12-9F3D-7014F0E3E12C}._Intel_Release|x64.ActiveCfg = _Intel_Release|x64
		{4E529894-320E-4D12-9F3D-7014F0E3E12C}._Intel_Release|x64.Build.0 = _Intel_Release|x64
		{CA94CDCB-7B5B-4D25-863E-678116DA31EC}.__VC_Debug|Win32.ActiveCfg = __VC_Debug|Win32
		{CA94CDCB-7B5B-4D25-863E-678116DA31EC}.__VC_Debug|Win32.Build.0 = __VC_Debug|Win32
		{CA94CDCB-7B5B-4D25-863E-678116DA31EC}.__VC_Debug|x64.ActiveCfg = __VC_Debug|x64
		{CA94CDCB-7B5B-4D25-863E-678116DA31EC}.__VC_Debug|x64.Build.0 = __VC_Debug|x64
		{CA94CDCB-7B5B-4D25-863E-678116DA31EC}.__VC_Release|Win32.ActiveCfg = __VC_Release|Win32
		{CA94CDCB-7B5B-4D25-863E-678116DA31EC}.__VC_Release|Win32.Build.0 = __VC_Release|Win32
		{CA94CDCB-7B5B-4D25-863E-678116DA31EC}.__VC_Release|x64.ActiveCfg = __VC_Release|x64
		{CA94CDCB-7B5B-4D25-863E-678116DA31EC}.__VC_Release|x64.Build.0 = __VC_Release|x64
		{CA94CDCB-7B5B-4D25-863E-678116DA31EC}._Intel_Debug|Win32.ActiveCfg = _Intel_Debug|Win32
		{CA94CDCB-7B5B-4D25-863E-678116DA31EC}._Intel_Debug|Win32.Build.0 = _Intel_Debug|Win32
		{CA94CDCB-7B5B-4D25-863E-678116DA31EC}._Intel_Debug|x64.ActiveCfg = _Intel_Debug|x64
		{CA94CDCB-7B5B-4D25-863E-678116DA31EC}._Intel_Debug|x64.Build.0 = _Intel_Debug|x64
		{CA94CDCB-7B5B-4D25-863E-678116DA31EC}._Intel_Release|Win32.ActiveCfg = _Intel_Release|Win32
		{CA94CDCB-7B5B-4D25-863E-678116DA31EC}._Intel_Release|Win32.Build.0 = _Intel_Release|Win32
		{CA94CDCB-7B5B-4D25-863E-678116DA31EC}._Intel_Release|x64.ActiveCfg = _Intel_Release|x64
		{CA94CDCB-7B5B-4D25-863E-678116DA31EC}._Intel_Release|x64.Build.0 = _Intel_Release|x64
		{1AB849BA-E003-4C79-BAAC-C0704218DE6A}.__VC_Debug|Win32.ActiveCfg = __VC_Debug|Win32
		{1AB849BA-E003-4C79-BAAC-C0704218DE6A}.__VC_Debug|Win32.Build.0 = __VC_Debug|Win32
		{1AB849BA-E003-4C79-BAAC-C0704218DE6A}.__VC_Debug|x64.ActiveCfg = __VC_Debug|x64
		{1AB849BA-E003-4C79-BAAC-C0704218DE6A}.__VC_Debug|x64.Build.0 = __VC_Debug|x64
		{1AB849BA-E003-4C79-BAAC-C0704218DE6A}.__VC_Release|Win32.ActiveCfg = __VC_Release|Win32
		{1AB849BA-E003-4C79-BAAC-C0704218DE6A}.__VC_Release|Win32.Build.0 = __VC_Release|Win32
		{1AB849BA-E003-4C79-BAAC-C0704218DE6A}.__VC_Release|x64.ActiveCfg = __VC_Release|x64
		{1AB849BA-E003-4C79-BAAC-C0704218DE6A}.__VC_Release|x64.Build.0 = __VC_Release|x64
		{1AB849BA-E003-4C79-BAAC-C0704218DE6A}._Intel_Debug|Win32.ActiveCfg = _Intel_Debug|Win32
		{1AB849BA-E003-4C79-BAAC-C0704218DE6A}._Intel_Debug|Win32.Build.0 = _Intel_Debug|Win32
		{1AB849BA-E003-4C79-BAAC-C0704218DE6A}._Intel_Debug|x64.ActiveCfg = _Intel_Debug|x64
		{1AB849BA-E003-4C79-BAAC-C0704218DE6A}._Intel_Debug|x64.Build.0 = _Intel_Debug|x64
		{1AB849BA-E003-4C79-BAAC-C0704218DE6A}._Intel_Release|Win32.ActiveCfg = _Intel_Release|Win32
		{1AB849BA-E003-4C79-BAAC-C0704218DE6A}._Intel_Release|Win32.Build.0 = _Intel_Release|Win32
		{1AB849BA-E003-4C79-BAAC-C0704218DE6A}._Intel_Release|x64.ActiveCfg = _Intel_Release|x64
		{1AB849BA-E003-4C79-BAAC-C0704218DE6A}._Intel_Release|x64.Build.0 = _Intel_Release|x64
	EndGlobalSection
	GlobalSection(SolutionProperties) = preSolution
		HideSolutionNode = FALSE
	EndGlobalSection
	GlobalSection(NestedProjects) = preSolution
		{51B69EB0-EC30-4CCA-96EA-1211EF6493C0} = {0DC75D32-7F5D-4D94-8653-AF2029DC147C}
		{205052E7-9E24-49B2-94AB-A5E20A17A124} = {0DC75D32-7F5D-4D94-8653-AF2029DC147C}
		{3FBBFF47-F1F8-4D18-97EB-47357382147E} = {0DC75D32-7F5D-4D94-8653-AF2029DC147C}
		{A5AA2994-DC86-4636-B5DF-8E81A0213936} = {744C11ED-0A7F-431B-B134-D3745B5AFB0C}
		{A0B195E3-5D71-4D5E-8C9F-F18C0FC8A569} = {744C11ED-0A7F-431B-B134-D3745B5AFB0C}
		{905A2A6F-7324-4400-B46C-86005DC7A429} = {744C11ED-0A7F-431B-B134-D3745B5AFB0C}
		{D30530F1-21AB-492E-BC05-2BF681765B38} = {744C11ED-0A7F-431B-B134-D3745B5AFB0C}
		{93AB7F74-699B-4187-8B5F-29A8B9B1E1C5} = {744C11ED-0A7F-431B-B134-D3745B5AFB0C}
		{AB5C47DC-E8C9-4E88-B176-FABB1320A3B9} = {744C11ED-0A7F-431B-B134-D3745B5AFB0C}
		{CE632B22-5594-427F-95D8-D73E8ECB2AED} = {744C11ED-0A7F-431B-B134-D3745B5AFB0C}
		{ECF5EBD3-8196-4E7C-8E1A-E9C467E1F46B} = {744C11ED-0A7F-431B-B134-D3745B5AFB0C}
		{4E529894-320E-4D12-9F3D-7014F0E3E12C} = {744C11ED-0A7F-431B-B134-D3745B5AFB0C}
		{CA94CDCB-7B5B-4D25-863E-678116DA31EC} = {744C11ED-0A7F-431B-B134-D3745B5AFB0C}
		{382FBEED-8F8D-4D73-BB30-9BB374430DFF} = {6172CE58-5713-4ABA-9455-DA4CC07B2C73}
		{9FFC0BB2-D3B2-43FD-8AB8-271FC1BF13C8} = {6172CE58-5713-4ABA-9455-DA4CC07B2C73}
		{C2A66515-F0D0-4735-9B33-EC67358D5005} = {6172CE58-5713-4ABA-9455-DA4CC07B2C73}
		{8DD40455-B42F-4029-82DE-E9159E5715E6} = {6172CE58-5713-4ABA-9455-DA4CC07B2C73}
		{0A387336-0E10-41EE-8997-7D58A7A4E6E4} = {6172CE58-5713-4ABA-9455-DA4CC07B2C73}
		{CF7B4591-C11A-4816-B3FE-D7E9EC99E31F} = {954549A7-D794-48C3-957F-FE8EA5CE402B}
		{1AB849BA-E003-4C79-BAAC-C0704218DE6A} = {4A62BA40-0A62-4DCC-8A45-4967340377B3}
	EndGlobalSection
	GlobalSection(TeamFoundationVersionControl) = preSolution
		SccNumberOfProjects = 2
		SccEnterpriseProvider = {4CA58AB2-18FA-4F8D-95D4-32DDF27D184C}
		SccTeamFoundationServer = http://rrserver:8080/
		SccLocalPath0 = .
		SccProjectUniqueName1 = YaYaDisk\\YaYaDisk.vcproj
		SccProjectName1 = YaYaDisk
		SccLocalPath1 = YaYaDisk
	EndGlobalSection
EndGlobal
