
Microsoft Visual Studio Solution File, Format Version 10.00
# Visual Studio 2008
Project("{8BC9CEB8-8B4A-11D0-8D11-00A0C91BC942}") = "Server", "Server\Server.vcproj", "{414BFFCC-2EE7-4C2F-9762-AB2F5D388C6A}"
	ProjectSection(ProjectDependencies) = postProject
		{B298F68D-4A17-4218-904A-7EAE758EC493} = {B298F68D-4A17-4218-904A-7EAE758EC493}
		{229DEFE1-D136-453B-8496-4F835B40166E} = {229DEFE1-D136-453B-8496-4F835B40166E}
		{DB5B7ED8-12AE-43CA-88EC-4710287C7ADD} = {DB5B7ED8-12AE-43CA-88EC-4710287C7ADD}
		{E2BEF9D3-3500-4FA5-BF43-927EF7400299} = {E2BEF9D3-3500-4FA5-BF43-927EF7400299}
		{E89B2ACB-0787-4323-A0A4-137D0781FE99} = {E89B2ACB-0787-4323-A0A4-137D0781FE99}
	EndProjectSection
EndProject
Project("{8BC9CEB8-8B4A-11D0-8D11-00A0C91BC942}") = "Public", "..\..\Public\Public.vcproj", "{DB5B7ED8-12AE-43CA-88EC-4710287C7ADD}"
EndProject
Project("{8BC9CEB8-8B4A-11D0-8D11-00A0C91BC942}") = "Net", "Net\Net.vcproj", "{E2BEF9D3-3500-4FA5-BF43-927EF7400299}"
EndProject
Project("{8BC9CEB8-8B4A-11D0-8D11-00A0C91BC942}") = "DB", "DB\DB.vcproj", "{E89B2ACB-0787-4323-A0A4-137D0781FE99}"
EndProject
Project("{8BC9CEB8-8B4A-11D0-8D11-00A0C91BC942}") = "App", "App\App.vcproj", "{B298F68D-4A17-4218-904A-7EAE758EC493}"
EndProject
Project("{8BC9CEB8-8B4A-11D0-8D11-00A0C91BC942}") = "ServerPublic", "..\..\Public\ServerPublic\ServerPublic.vcproj", "{229DEFE1-D136-453B-8496-4F835B40166E}"
	ProjectSection(ProjectDependencies) = postProject
		{DB5B7ED8-12AE-43CA-88EC-4710287C7ADD} = {DB5B7ED8-12AE-43CA-88EC-4710287C7ADD}
	EndProjectSection
EndProject
Global
	GlobalSection(SolutionConfigurationPlatforms) = preSolution
		Debug|Win32 = Debug|Win32
		Release|Win32 = Release|Win32
	EndGlobalSection
	GlobalSection(ProjectConfigurationPlatforms) = postSolution
		{414BFFCC-2EE7-4C2F-9762-AB2F5D388C6A}.Debug|Win32.ActiveCfg = Debug|Win32
		{414BFFCC-2EE7-4C2F-9762-AB2F5D388C6A}.Debug|Win32.Build.0 = Debug|Win32
		{414BFFCC-2EE7-4C2F-9762-AB2F5D388C6A}.Release|Win32.ActiveCfg = Release|Win32
		{414BFFCC-2EE7-4C2F-9762-AB2F5D388C6A}.Release|Win32.Build.0 = Release|Win32
		{DB5B7ED8-12AE-43CA-88EC-4710287C7ADD}.Debug|Win32.ActiveCfg = Debug|Win32
		{DB5B7ED8-12AE-43CA-88EC-4710287C7ADD}.Debug|Win32.Build.0 = Debug|Win32
		{DB5B7ED8-12AE-43CA-88EC-4710287C7ADD}.Release|Win32.ActiveCfg = Release|Win32
		{DB5B7ED8-12AE-43CA-88EC-4710287C7ADD}.Release|Win32.Build.0 = Release|Win32
		{E2BEF9D3-3500-4FA5-BF43-927EF7400299}.Debug|Win32.ActiveCfg = Debug|Win32
		{E2BEF9D3-3500-4FA5-BF43-927EF7400299}.Debug|Win32.Build.0 = Debug|Win32
		{E2BEF9D3-3500-4FA5-BF43-927EF7400299}.Release|Win32.ActiveCfg = Release|Win32
		{E2BEF9D3-3500-4FA5-BF43-927EF7400299}.Release|Win32.Build.0 = Release|Win32
		{E89B2ACB-0787-4323-A0A4-137D0781FE99}.Debug|Win32.ActiveCfg = Debug|Win32
		{E89B2ACB-0787-4323-A0A4-137D0781FE99}.Debug|Win32.Build.0 = Debug|Win32
		{E89B2ACB-0787-4323-A0A4-137D0781FE99}.Release|Win32.ActiveCfg = Release|Win32
		{E89B2ACB-0787-4323-A0A4-137D0781FE99}.Release|Win32.Build.0 = Release|Win32
		{B298F68D-4A17-4218-904A-7EAE758EC493}.Debug|Win32.ActiveCfg = Debug|Win32
		{B298F68D-4A17-4218-904A-7EAE758EC493}.Debug|Win32.Build.0 = Debug|Win32
		{B298F68D-4A17-4218-904A-7EAE758EC493}.Release|Win32.ActiveCfg = Release|Win32
		{B298F68D-4A17-4218-904A-7EAE758EC493}.Release|Win32.Build.0 = Release|Win32
		{229DEFE1-D136-453B-8496-4F835B40166E}.Debug|Win32.ActiveCfg = Debug|Win32
		{229DEFE1-D136-453B-8496-4F835B40166E}.Debug|Win32.Build.0 = Debug|Win32
		{229DEFE1-D136-453B-8496-4F835B40166E}.Release|Win32.ActiveCfg = Release|Win32
		{229DEFE1-D136-453B-8496-4F835B40166E}.Release|Win32.Build.0 = Release|Win32
	EndGlobalSection
	GlobalSection(SolutionProperties) = preSolution
		HideSolutionNode = FALSE
	EndGlobalSection
EndGlobal
