
Microsoft Visual Studio Solution File, Format Version 10.00
# Visual Studio 2008
Project("{8BC9CEB8-8B4A-11D0-8D11-00A0C91BC942}") = "Common", "..\MultiServer\Common\Common.vcproj", "{A57FE1E8-23B6-4999-AC12-1719BD8737A0}"
EndProject
Project("{8BC9CEB8-8B4A-11D0-8D11-00A0C91BC942}") = "LINUX", "LINUX.vcproj", "{EA9190A4-6663-4D18-8019-3F4BE6B0CF12}"
EndProject
Global
	GlobalSection(SolutionConfigurationPlatforms) = preSolution
		Debug|Win32 = Debug|Win32
		Release|Win32 = Release|Win32
	EndGlobalSection
	GlobalSection(ProjectConfigurationPlatforms) = postSolution
		{A57FE1E8-23B6-4999-AC12-1719BD8737A0}.Debug|Win32.ActiveCfg = Debug|Win32
		{A57FE1E8-23B6-4999-AC12-1719BD8737A0}.Debug|Win32.Build.0 = Debug|Win32
		{A57FE1E8-23B6-4999-AC12-1719BD8737A0}.Release|Win32.ActiveCfg = Release|Win32
		{A57FE1E8-23B6-4999-AC12-1719BD8737A0}.Release|Win32.Build.0 = Release|Win32
		{EA9190A4-6663-4D18-8019-3F4BE6B0CF12}.Debug|Win32.ActiveCfg = Debug|Win32
		{EA9190A4-6663-4D18-8019-3F4BE6B0CF12}.Debug|Win32.Build.0 = Debug|Win32
		{EA9190A4-6663-4D18-8019-3F4BE6B0CF12}.Release|Win32.ActiveCfg = Release|Win32
		{EA9190A4-6663-4D18-8019-3F4BE6B0CF12}.Release|Win32.Build.0 = Release|Win32
	EndGlobalSection
	GlobalSection(SolutionProperties) = preSolution
		HideSolutionNode = FALSE
	EndGlobalSection
EndGlobal
